
Microsoft Visual Studio Solution File, Format Version 12.00
# Visual Studio 2012
Project("{FAE04EC0-301F-11D3-BF4B-00C04F79EFBC}") = "WinApp", "WinApp\WinApp.csproj", "{C6233CC8-4E72-421D-8356-163337AE2519}"
EndProject
Project("{930C7802-8A8C-48F9-8165-68863BCCD9DD}") = "WinAppSetup", "WinAppSetup\WinAppSetup.wixproj", "{F24E1544-45F7-42BF-B9EB-FA6F6A966063}"
	ProjectSection(ProjectDependencies) = postProject
		{C6233CC8-4E72-421D-8356-163337AE2519} = {C6233CC8-4E72-421D-8356-163337AE2519}
	EndProjectSection
EndProject
Project("{FAE04EC0-301F-11D3-BF4B-00C04F79EFBC}") = "MyCustomAction", "MyCustomAction\MyCustomAction.csproj", "{D170EE1B-499B-495E-BE79-3861DD86A87B}"
EndProject
Global
	GlobalSection(SolutionConfigurationPlatforms) = preSolution
		Debug|Any CPU = Debug|Any CPU
		Debug|Mixed Platforms = Debug|Mixed Platforms
		Debug|x86 = Debug|x86
		Release|Any CPU = Release|Any CPU
		Release|Mixed Platforms = Release|Mixed Platforms
		Release|x86 = Release|x86
	EndGlobalSection
	GlobalSection(ProjectConfigurationPlatforms) = postSolution
		{C6233CC8-4E72-421D-8356-163337AE2519}.Debug|Any CPU.ActiveCfg = Debug|Any CPU
		{C6233CC8-4E72-421D-8356-163337AE2519}.Debug|Any CPU.Build.0 = Debug|Any CPU
		{C6233CC8-4E72-421D-8356-163337AE2519}.Debug|Mixed Platforms.ActiveCfg = Debug|Any CPU
		{C6233CC8-4E72-421D-8356-163337AE2519}.Debug|Mixed Platforms.Build.0 = Debug|Any CPU
		{C6233CC8-4E72-421D-8356-163337AE2519}.Debug|x86.ActiveCfg = Debug|Any CPU
		{C6233CC8-4E72-421D-8356-163337AE2519}.Release|Any CPU.ActiveCfg = Release|Any CPU
		{C6233CC8-4E72-421D-8356-163337AE2519}.Release|Any CPU.Build.0 = Release|Any CPU
		{C6233CC8-4E72-421D-8356-163337AE2519}.Release|Mixed Platforms.ActiveCfg = Release|Any CPU
		{C6233CC8-4E72-421D-8356-163337AE2519}.Release|Mixed Platforms.Build.0 = Release|Any CPU
		{C6233CC8-4E72-421D-8356-163337AE2519}.Release|x86.ActiveCfg = Release|Any CPU
		{F24E1544-45F7-42BF-B9EB-FA6F6A966063}.Debug|Any CPU.ActiveCfg = Debug|x86
		{F24E1544-45F7-42BF-B9EB-FA6F6A966063}.Debug|Mixed Platforms.ActiveCfg = Debug|x86
		{F24E1544-45F7-42BF-B9EB-FA6F6A966063}.Debug|Mixed Platforms.Build.0 = Debug|x86
		{F24E1544-45F7-42BF-B9EB-FA6F6A966063}.Debug|x86.ActiveCfg = Debug|x86
		{F24E1544-45F7-42BF-B9EB-FA6F6A966063}.Debug|x86.Build.0 = Debug|x86
		{F24E1544-45F7-42BF-B9EB-FA6F6A966063}.Release|Any CPU.ActiveCfg = Release|x86
		{F24E1544-45F7-42BF-B9EB-FA6F6A966063}.Release|Mixed Platforms.ActiveCfg = Release|x86
		{F24E1544-45F7-42BF-B9EB-FA6F6A966063}.Release|Mixed Platforms.Build.0 = Release|x86
		{F24E1544-45F7-42BF-B9EB-FA6F6A966063}.Release|x86.ActiveCfg = Release|x86
		{F24E1544-45F7-42BF-B9EB-FA6F6A966063}.Release|x86.Build.0 = Release|x86
		{D170EE1B-499B-495E-BE79-3861DD86A87B}.Debug|Any CPU.ActiveCfg = Debug|x86
		{D170EE1B-499B-495E-BE79-3861DD86A87B}.Debug|Mixed Platforms.ActiveCfg = Debug|x86
		{D170EE1B-499B-495E-BE79-3861DD86A87B}.Debug|Mixed Platforms.Build.0 = Debug|x86
		{D170EE1B-499B-495E-BE79-3861DD86A87B}.Debug|x86.ActiveCfg = Debug|x86
		{D170EE1B-499B-495E-BE79-3861DD86A87B}.Debug|x86.Build.0 = Debug|x86
		{D170EE1B-499B-495E-BE79-3861DD86A87B}.Release|Any CPU.ActiveCfg = Release|x86
		{D170EE1B-499B-495E-BE79-3861DD86A87B}.Release|Mixed Platforms.ActiveCfg = Release|x86
		{D170EE1B-499B-495E-BE79-3861DD86A87B}.Release|Mixed Platforms.Build.0 = Release|x86
		{D170EE1B-499B-495E-BE79-3861DD86A87B}.Release|x86.ActiveCfg = Release|x86
		{D170EE1B-499B-495E-BE79-3861DD86A87B}.Release|x86.Build.0 = Release|x86
	EndGlobalSection
	GlobalSection(SolutionProperties) = preSolution
		HideSolutionNode = FALSE
	EndGlobalSection
EndGlobal
